
Microsoft Visual Studio Solution File, Format Version 12.00
Project("{FAE04EC0-301F-11D3-BF4B-00C04F79EFBC}") = "TgBotFramework.Core", "TgBotFramework.Core\TgBotFramework.Core.csproj", "{AEA04E68-44E1-43DE-9C11-4E38290FF364}"
EndProject
Project("{2150E333-8FDC-42A3-9474-1A3956D46DE8}") = "Samples", "Samples", "{8506DD85-B0D7-4E55-8499-7F75EFA0B159}"
EndProject
Project("{FAE04EC0-301F-11D3-BF4B-00C04F79EFBC}") = "BasicBot", "..\..\samples\BasicBot\BasicBot\BasicBot.csproj", "{C27EEBDB-1530-4251-81A6-6EDBAD36E47E}"
EndProject
Project("{FAE04EC0-301F-11D3-BF4B-00C04F79EFBC}") = "WIthGroupAuthorizationBot", "..\..\samples\WIthGroupAuthorizationBot\WIthGroupAuthorizationBot.csproj", "{6E622963-CA84-409C-A2C1-B1B73B60C562}"
EndProject
Project("{FAE04EC0-301F-11D3-BF4B-00C04F79EFBC}") = "QueryResolverBot", "..\..\samples\QueryResolverBot\QueryResolverBot.csproj", "{FED9A9BE-E7C5-4013-BFD4-8A4DE7672436}"
EndProject
Project("{FAE04EC0-301F-11D3-BF4B-00C04F79EFBC}") = "TgBotFramework.Persistent", "..\TgBotFramework.Persistent\TgBotFramework.Persistent.csproj", "{22733A96-A733-40FC-83BD-615DBBBF66EF}"
EndProject
Project("{FAE04EC0-301F-11D3-BF4B-00C04F79EFBC}") = "BotWithPersistenStore", "..\..\samples\BotWithPersistenStore\BotWithPersistenStore.csproj", "{0986625D-FE03-4747-90DA-A3053B1B5456}"
EndProject
Project("{2150E333-8FDC-42A3-9474-1A3956D46DE8}") = "Tests", "Tests", "{A182417A-FB49-4EDB-816A-84A13FC69677}"
EndProject
Project("{FAE04EC0-301F-11D3-BF4B-00C04F79EFBC}") = "TgBotFramework.Core.Tests", "..\..\tests\TgBotFramework.Core.Tests\TgBotFramework.Core.Tests.csproj", "{EF4ECA01-BC1F-4F83-8B69-DC02674290C2}"
EndProject
Global
	GlobalSection(SolutionConfigurationPlatforms) = preSolution
		Debug|Any CPU = Debug|Any CPU
		Release|Any CPU = Release|Any CPU
	EndGlobalSection
	GlobalSection(ProjectConfigurationPlatforms) = postSolution
		{AEA04E68-44E1-43DE-9C11-4E38290FF364}.Debug|Any CPU.ActiveCfg = Debug|Any CPU
		{AEA04E68-44E1-43DE-9C11-4E38290FF364}.Debug|Any CPU.Build.0 = Debug|Any CPU
		{AEA04E68-44E1-43DE-9C11-4E38290FF364}.Release|Any CPU.ActiveCfg = Release|Any CPU
		{AEA04E68-44E1-43DE-9C11-4E38290FF364}.Release|Any CPU.Build.0 = Release|Any CPU
		{C27EEBDB-1530-4251-81A6-6EDBAD36E47E}.Debug|Any CPU.ActiveCfg = Debug|Any CPU
		{C27EEBDB-1530-4251-81A6-6EDBAD36E47E}.Debug|Any CPU.Build.0 = Debug|Any CPU
		{C27EEBDB-1530-4251-81A6-6EDBAD36E47E}.Release|Any CPU.ActiveCfg = Release|Any CPU
		{C27EEBDB-1530-4251-81A6-6EDBAD36E47E}.Release|Any CPU.Build.0 = Release|Any CPU
		{6E622963-CA84-409C-A2C1-B1B73B60C562}.Debug|Any CPU.ActiveCfg = Debug|Any CPU
		{6E622963-CA84-409C-A2C1-B1B73B60C562}.Debug|Any CPU.Build.0 = Debug|Any CPU
		{6E622963-CA84-409C-A2C1-B1B73B60C562}.Release|Any CPU.ActiveCfg = Release|Any CPU
		{6E622963-CA84-409C-A2C1-B1B73B60C562}.Release|Any CPU.Build.0 = Release|Any CPU
		{FED9A9BE-E7C5-4013-BFD4-8A4DE7672436}.Debug|Any CPU.ActiveCfg = Debug|Any CPU
		{FED9A9BE-E7C5-4013-BFD4-8A4DE7672436}.Debug|Any CPU.Build.0 = Debug|Any CPU
		{FED9A9BE-E7C5-4013-BFD4-8A4DE7672436}.Release|Any CPU.ActiveCfg = Release|Any CPU
		{FED9A9BE-E7C5-4013-BFD4-8A4DE7672436}.Release|Any CPU.Build.0 = Release|Any CPU
		{22733A96-A733-40FC-83BD-615DBBBF66EF}.Debug|Any CPU.ActiveCfg = Debug|Any CPU
		{22733A96-A733-40FC-83BD-615DBBBF66EF}.Debug|Any CPU.Build.0 = Debug|Any CPU
		{22733A96-A733-40FC-83BD-615DBBBF66EF}.Release|Any CPU.ActiveCfg = Release|Any CPU
		{22733A96-A733-40FC-83BD-615DBBBF66EF}.Release|Any CPU.Build.0 = Release|Any CPU
		{0986625D-FE03-4747-90DA-A3053B1B5456}.Debug|Any CPU.ActiveCfg = Debug|Any CPU
		{0986625D-FE03-4747-90DA-A3053B1B5456}.Debug|Any CPU.Build.0 = Debug|Any CPU
		{0986625D-FE03-4747-90DA-A3053B1B5456}.Release|Any CPU.ActiveCfg = Release|Any CPU
		{0986625D-FE03-4747-90DA-A3053B1B5456}.Release|Any CPU.Build.0 = Release|Any CPU
		{EF4ECA01-BC1F-4F83-8B69-DC02674290C2}.Debug|Any CPU.ActiveCfg = Debug|Any CPU
		{EF4ECA01-BC1F-4F83-8B69-DC02674290C2}.Debug|Any CPU.Build.0 = Debug|Any CPU
		{EF4ECA01-BC1F-4F83-8B69-DC02674290C2}.Release|Any CPU.ActiveCfg = Release|Any CPU
		{EF4ECA01-BC1F-4F83-8B69-DC02674290C2}.Release|Any CPU.Build.0 = Release|Any CPU
	EndGlobalSection
	GlobalSection(NestedProjects) = preSolution
		{C27EEBDB-1530-4251-81A6-6EDBAD36E47E} = {8506DD85-B0D7-4E55-8499-7F75EFA0B159}
		{6E622963-CA84-409C-A2C1-B1B73B60C562} = {8506DD85-B0D7-4E55-8499-7F75EFA0B159}
		{FED9A9BE-E7C5-4013-BFD4-8A4DE7672436} = {8506DD85-B0D7-4E55-8499-7F75EFA0B159}
		{0986625D-FE03-4747-90DA-A3053B1B5456} = {8506DD85-B0D7-4E55-8499-7F75EFA0B159}
		{EF4ECA01-BC1F-4F83-8B69-DC02674290C2} = {A182417A-FB49-4EDB-816A-84A13FC69677}
	EndGlobalSection
EndGlobal
